
Microsoft Visual Studio Solution File, Format Version 12.00
# Visual Studio Version 17
VisualStudioVersion = 17.0.31912.275
MinimumVisualStudioVersion = 10.0.40219.1
Project("{9A19103F-16F7-4668-BE54-9A1E7A4F7556}") = "Themis.Raster", "src\Themis.Raster\Themis.Raster.csproj", "{F93158A3-5D78-458A-A217-299A913802EF}"
EndProject
Project("{FAE04EC0-301F-11D3-BF4B-00C04F79EFBC}") = "Themis.Raster.Tests", "test\Themis.Raster.Tests\Themis.Raster.Tests.csproj", "{33C4D361-B3A0-48C7-B9A8-6A749F330B82}"
EndProject
Global
	GlobalSection(SolutionConfigurationPlatforms) = preSolution
		Debug|Any CPU = Debug|Any CPU
		Release|Any CPU = Release|Any CPU
	EndGlobalSection
	GlobalSection(ProjectConfigurationPlatforms) = postSolution
		{F93158A3-5D78-458A-A217-299A913802EF}.Debug|Any CPU.ActiveCfg = Debug|Any CPU
		{F93158A3-5D78-458A-A217-299A913802EF}.Debug|Any CPU.Build.0 = Debug|Any CPU
		{F93158A3-5D78-458A-A217-299A913802EF}.Release|Any CPU.ActiveCfg = Release|Any CPU
		{F93158A3-5D78-458A-A217-299A913802EF}.Release|Any CPU.Build.0 = Release|Any CPU
		{33C4D361-B3A0-48C7-B9A8-6A749F330B82}.Debug|Any CPU.ActiveCfg = Debug|Any CPU
		{33C4D361-B3A0-48C7-B9A8-6A749F330B82}.Debug|Any CPU.Build.0 = Debug|Any CPU
		{33C4D361-B3A0-48C7-B9A8-6A749F330B82}.Release|Any CPU.ActiveCfg = Release|Any CPU
		{33C4D361-B3A0-48C7-B9A8-6A749F330B82}.Release|Any CPU.Build.0 = Release|Any CPU
	EndGlobalSection
	GlobalSection(SolutionProperties) = preSolution
		HideSolutionNode = FALSE
	EndGlobalSection
	GlobalSection(ExtensibilityGlobals) = postSolution
		SolutionGuid = {AC8F9C90-E25D-4C97-A0FB-3444E6EEC582}
	EndGlobalSection
EndGlobal
